
Microsoft Visual Studio Solution File, Format Version 12.00
# Visual Studio Version 16
VisualStudioVersion = 16.0.28809.33
MinimumVisualStudioVersion = 10.0.40219.1
Project("{FAE04EC0-301F-11D3-BF4B-00C04F79EFBC}") = "Api_JoelSuarez", "Api_JoelSuarez\Api_JoelSuarez.csproj", "{68F95F94-A500-4485-9AFE-4725B53EC54A}"
EndProject
Global
	GlobalSection(SolutionConfigurationPlatforms) = preSolution
		Debug|Any CPU = Debug|Any CPU
		Release|Any CPU = Release|Any CPU
	EndGlobalSection
	GlobalSection(ProjectConfigurationPlatforms) = postSolution
		{68F95F94-A500-4485-9AFE-4725B53EC54A}.Debug|Any CPU.ActiveCfg = Debug|Any CPU
		{68F95F94-A500-4485-9AFE-4725B53EC54A}.Debug|Any CPU.Build.0 = Debug|Any CPU
		{68F95F94-A500-4485-9AFE-4725B53EC54A}.Release|Any CPU.ActiveCfg = Release|Any CPU
		{68F95F94-A500-4485-9AFE-4725B53EC54A}.Release|Any CPU.Build.0 = Release|Any CPU
	EndGlobalSection
	GlobalSection(SolutionProperties) = preSolution
		HideSolutionNode = FALSE
	EndGlobalSection
	GlobalSection(ExtensibilityGlobals) = postSolution
		SolutionGuid = {A1B4F44D-4D60-4FF4-AC68-B836A030B46B}
	EndGlobalSection
EndGlobal
